
Microsoft Visual Studio Solution File, Format Version 12.00
# Visual Studio Version 16
VisualStudioVersion = 16.0.29306.81
MinimumVisualStudioVersion = 10.0.40219.1
Project("{FAE04EC0-301F-11D3-BF4B-00C04F79EFBC}") = "BinaryTreeLevelOrderTraversal", "BinaryTreeLevelOrderTraversal\BinaryTreeLevelOrderTraversal.csproj", "{CF752586-DBD9-41CC-B319-9CBA184EDD7C}"
EndProject
Global
	GlobalSection(SolutionConfigurationPlatforms) = preSolution
		Debug|Any CPU = Debug|Any CPU
		Release|Any CPU = Release|Any CPU
	EndGlobalSection
	GlobalSection(ProjectConfigurationPlatforms) = postSolution
		{CF752586-DBD9-41CC-B319-9CBA184EDD7C}.Debug|Any CPU.ActiveCfg = Debug|Any CPU
		{CF752586-DBD9-41CC-B319-9CBA184EDD7C}.Debug|Any CPU.Build.0 = Debug|Any CPU
		{CF752586-DBD9-41CC-B319-9CBA184EDD7C}.Release|Any CPU.ActiveCfg = Release|Any CPU
		{CF752586-DBD9-41CC-B319-9CBA184EDD7C}.Release|Any CPU.Build.0 = Release|Any CPU
	EndGlobalSection
	GlobalSection(SolutionProperties) = preSolution
		HideSolutionNode = FALSE
	EndGlobalSection
	GlobalSection(ExtensibilityGlobals) = postSolution
		SolutionGuid = {85ABBC79-527F-4F06-BA7D-524C2C86ACF5}
	EndGlobalSection
EndGlobal
